// !$*UTF8*$!
{
	archiveVersion = 1;
	classes = {
	};
	objectVersion = 46;
	objects = {

/* Begin PBXBuildFile section */
		510EC0B11D8832D000B6B64D /* ExperimentsFramework.framework in Frameworks */ = {isa = PBXBuildFile; fileRef = 51D7994B1D8438EF00E1E872 /* ExperimentsFramework.framework */; };
		51ADC7EB1C07F770002B3A1D /* OSXExperimentsTests.swift in Sources */ = {isa = PBXBuildFile; fileRef = 51ADC7EA1C07F770002B3A1D /* OSXExperimentsTests.swift */; };
		51ADC7F61C07F770002B3A1D /* OSXExperimentsUITests.swift in Sources */ = {isa = PBXBuildFile; fileRef = 51ADC7F51C07F770002B3A1D /* OSXExperimentsUITests.swift */; };
		51D7994E1D8438EF00E1E872 /* ExperimentsFramework.h in Headers */ = {isa = PBXBuildFile; fileRef = 51D7994D1D8438EF00E1E872 /* ExperimentsFramework.h */; settings = {ATTRIBUTES = (Public, ); }; };
		51D799581D84397800E1E872 /* ExperimentsFramework.framework in Frameworks */ = {isa = PBXBuildFile; fileRef = 51D7994B1D8438EF00E1E872 /* ExperimentsFramework.framework */; };
		51D799591D84397800E1E872 /* ExperimentsFramework.framework in Embed Frameworks */ = {isa = PBXBuildFile; fileRef = 51D7994B1D8438EF00E1E872 /* ExperimentsFramework.framework */; settings = {ATTRIBUTES = (CodeSignOnCopy, RemoveHeadersOnCopy, ); }; };
		51D7995E1D843B0900E1E872 /* WKWebView-ext.swift in Sources */ = {isa = PBXBuildFile; fileRef = 51D7995D1D843B0900E1E872 /* WKWebView-ext.swift */; };
		51D799671D84479C00E1E872 /* AppDelegate.swift in Sources */ = {isa = PBXBuildFile; fileRef = 51D799661D84479C00E1E872 /* AppDelegate.swift */; };
		51D799691D84479C00E1E872 /* ViewController.swift in Sources */ = {isa = PBXBuildFile; fileRef = 51D799681D84479C00E1E872 /* ViewController.swift */; };
		51D7996C1D84479C00E1E872 /* OSXExperiments.xcdatamodeld in Sources */ = {isa = PBXBuildFile; fileRef = 51D7996A1D84479C00E1E872 /* OSXExperiments.xcdatamodeld */; };
		51D7996E1D84479C00E1E872 /* Assets.xcassets in Resources */ = {isa = PBXBuildFile; fileRef = 51D7996D1D84479C00E1E872 /* Assets.xcassets */; };
		51D799711D84479C00E1E872 /* Main.storyboard in Resources */ = {isa = PBXBuildFile; fileRef = 51D7996F1D84479C00E1E872 /* Main.storyboard */; };
		51F785DD1C07E30D003E37A2 /* AppDelegate.swift in Sources */ = {isa = PBXBuildFile; fileRef = 51F785DC1C07E30D003E37A2 /* AppDelegate.swift */; };
		51F785DF1C07E30D003E37A2 /* MasterViewController.swift in Sources */ = {isa = PBXBuildFile; fileRef = 51F785DE1C07E30D003E37A2 /* MasterViewController.swift */; };
		51F785E11C07E30D003E37A2 /* DetailViewController.swift in Sources */ = {isa = PBXBuildFile; fileRef = 51F785E01C07E30D003E37A2 /* DetailViewController.swift */; };
		51F785E41C07E30D003E37A2 /* Main.storyboard in Resources */ = {isa = PBXBuildFile; fileRef = 51F785E21C07E30D003E37A2 /* Main.storyboard */; };
		51F785E61C07E30D003E37A2 /* Assets.xcassets in Resources */ = {isa = PBXBuildFile; fileRef = 51F785E51C07E30D003E37A2 /* Assets.xcassets */; };
		51F785E91C07E30D003E37A2 /* LaunchScreen.storyboard in Resources */ = {isa = PBXBuildFile; fileRef = 51F785E71C07E30D003E37A2 /* LaunchScreen.storyboard */; };
		51F785F41C07E30D003E37A2 /* experimentsTests.swift in Sources */ = {isa = PBXBuildFile; fileRef = 51F785F31C07E30D003E37A2 /* experimentsTests.swift */; };
		51F785FF1C07E30D003E37A2 /* experimentsUITests.swift in Sources */ = {isa = PBXBuildFile; fileRef = 51F785FE1C07E30D003E37A2 /* experimentsUITests.swift */; };
/* End PBXBuildFile section */

/* Begin PBXContainerItemProxy section */
		51D7995A1D84397800E1E872 /* PBXContainerItemProxy */ = {
			isa = PBXContainerItemProxy;
			containerPortal = 51F785D11C07E30C003E37A2 /* Project object */;
			proxyType = 1;
			remoteGlobalIDString = 51D7994A1D8438EF00E1E872;
			remoteInfo = ExperimentsFramework;
		};
		51F785F01C07E30D003E37A2 /* PBXContainerItemProxy */ = {
			isa = PBXContainerItemProxy;
			containerPortal = 51F785D11C07E30C003E37A2 /* Project object */;
			proxyType = 1;
			remoteGlobalIDString = 51F785D81C07E30D003E37A2;
			remoteInfo = experiments;
		};
		51F785FB1C07E30D003E37A2 /* PBXContainerItemProxy */ = {
			isa = PBXContainerItemProxy;
			containerPortal = 51F785D11C07E30C003E37A2 /* Project object */;
			proxyType = 1;
			remoteGlobalIDString = 51F785D81C07E30D003E37A2;
			remoteInfo = experiments;
		};
/* End PBXContainerItemProxy section */

/* Begin PBXCopyFilesBuildPhase section */
		51D7995C1D84397800E1E872 /* Embed Frameworks */ = {
			isa = PBXCopyFilesBuildPhase;
			buildActionMask = 2147483647;
			dstPath = "";
			dstSubfolderSpec = 10;
			files = (
				51D799591D84397800E1E872 /* ExperimentsFramework.framework in Embed Frameworks */,
			);
			name = "Embed Frameworks";
			runOnlyForDeploymentPostprocessing = 0;
		};
/* End PBXCopyFilesBuildPhase section */

/* Begin PBXFileReference section */
		51ADC7DA1C07F770002B3A1D /* AppDelegate.swift */ = {isa = PBXFileReference; lastKnownFileType = sourcecode.swift; path = AppDelegate.swift; sourceTree = "<group>"; };
		51ADC7DC1C07F770002B3A1D /* Assets.xcassets */ = {isa = PBXFileReference; lastKnownFileType = folder.assetcatalog; path = Assets.xcassets; sourceTree = "<group>"; };
		51ADC7DF1C07F770002B3A1D /* Base */ = {isa = PBXFileReference; lastKnownFileType = file.xib; name = Base; path = Base.lproj/MainMenu.xib; sourceTree = "<group>"; };
		51ADC7E11C07F770002B3A1D /* Info.plist */ = {isa = PBXFileReference; lastKnownFileType = text.plist.xml; path = Info.plist; sourceTree = "<group>"; };
		51ADC7E61C07F770002B3A1D /* OSXExperimentsTests.xctest */ = {isa = PBXFileReference; explicitFileType = wrapper.cfbundle; includeInIndex = 0; path = OSXExperimentsTests.xctest; sourceTree = BUILT_PRODUCTS_DIR; };
		51ADC7EA1C07F770002B3A1D /* OSXExperimentsTests.swift */ = {isa = PBXFileReference; lastKnownFileType = sourcecode.swift; path = OSXExperimentsTests.swift; sourceTree = "<group>"; };
		51ADC7EC1C07F770002B3A1D /* Info.plist */ = {isa = PBXFileReference; lastKnownFileType = text.plist.xml; path = Info.plist; sourceTree = "<group>"; };
		51ADC7F11C07F770002B3A1D /* OSXExperimentsUITests.xctest */ = {isa = PBXFileReference; explicitFileType = wrapper.cfbundle; includeInIndex = 0; path = OSXExperimentsUITests.xctest; sourceTree = BUILT_PRODUCTS_DIR; };
		51ADC7F51C07F770002B3A1D /* OSXExperimentsUITests.swift */ = {isa = PBXFileReference; lastKnownFileType = sourcecode.swift; path = OSXExperimentsUITests.swift; sourceTree = "<group>"; };
		51ADC7F71C07F770002B3A1D /* Info.plist */ = {isa = PBXFileReference; lastKnownFileType = text.plist.xml; path = Info.plist; sourceTree = "<group>"; };
		51D799431D84376800E1E872 /* WKWebView+NSScrollView.playground */ = {isa = PBXFileReference; lastKnownFileType = file.playground; path = "WKWebView+NSScrollView.playground"; sourceTree = "<group>"; };
		51D799441D84376800E1E872 /* Scrolling.playground */ = {isa = PBXFileReference; lastKnownFileType = file.playground; path = Scrolling.playground; sourceTree = "<group>"; };
		51D799451D84376800E1E872 /* WKWebView-old.playground */ = {isa = PBXFileReference; lastKnownFileType = file.playground; path = "WKWebView-old.playground"; sourceTree = "<group>"; };
		51D7994B1D8438EF00E1E872 /* ExperimentsFramework.framework */ = {isa = PBXFileReference; explicitFileType = wrapper.framework; includeInIndex = 0; path = ExperimentsFramework.framework; sourceTree = BUILT_PRODUCTS_DIR; };
		51D7994D1D8438EF00E1E872 /* ExperimentsFramework.h */ = {isa = PBXFileReference; lastKnownFileType = sourcecode.c.h; path = ExperimentsFramework.h; sourceTree = "<group>"; };
		51D7994F1D8438EF00E1E872 /* Info.plist */ = {isa = PBXFileReference; lastKnownFileType = text.plist.xml; path = Info.plist; sourceTree = "<group>"; };
		51D7995D1D843B0900E1E872 /* WKWebView-ext.swift */ = {isa = PBXFileReference; fileEncoding = 4; lastKnownFileType = sourcecode.swift; path = "WKWebView-ext.swift"; sourceTree = "<group>"; };
		51D7995F1D843B5B00E1E872 /* WKWebView.playground */ = {isa = PBXFileReference; lastKnownFileType = file.playground; path = WKWebView.playground; sourceTree = "<group>"; };
		51D799641D84479C00E1E872 /* OSXExperiments.app */ = {isa = PBXFileReference; explicitFileType = wrapper.application; includeInIndex = 0; path = OSXExperiments.app; sourceTree = BUILT_PRODUCTS_DIR; };
		51D799661D84479C00E1E872 /* AppDelegate.swift */ = {isa = PBXFileReference; lastKnownFileType = sourcecode.swift; path = AppDelegate.swift; sourceTree = "<group>"; };
		51D799681D84479C00E1E872 /* ViewController.swift */ = {isa = PBXFileReference; lastKnownFileType = sourcecode.swift; path = ViewController.swift; sourceTree = "<group>"; };
		51D7996B1D84479C00E1E872 /* OSXExperiments.xcdatamodel */ = {isa = PBXFileReference; lastKnownFileType = wrapper.xcdatamodel; path = OSXExperiments.xcdatamodel; sourceTree = "<group>"; };
		51D7996D1D84479C00E1E872 /* Assets.xcassets */ = {isa = PBXFileReference; lastKnownFileType = folder.assetcatalog; path = Assets.xcassets; sourceTree = "<group>"; };
		51D799701D84479C00E1E872 /* Base */ = {isa = PBXFileReference; lastKnownFileType = file.storyboard; name = Base; path = Base.lproj/Main.storyboard; sourceTree = "<group>"; };
		51D799721D84479C00E1E872 /* Info.plist */ = {isa = PBXFileReference; lastKnownFileType = text.plist.xml; path = Info.plist; sourceTree = "<group>"; };
		51F785D91C07E30D003E37A2 /* iOSExperiments.app */ = {isa = PBXFileReference; explicitFileType = wrapper.application; includeInIndex = 0; path = iOSExperiments.app; sourceTree = BUILT_PRODUCTS_DIR; };
		51F785DC1C07E30D003E37A2 /* AppDelegate.swift */ = {isa = PBXFileReference; lastKnownFileType = sourcecode.swift; path = AppDelegate.swift; sourceTree = "<group>"; };
		51F785DE1C07E30D003E37A2 /* MasterViewController.swift */ = {isa = PBXFileReference; lastKnownFileType = sourcecode.swift; path = MasterViewController.swift; sourceTree = "<group>"; };
		51F785E01C07E30D003E37A2 /* DetailViewController.swift */ = {isa = PBXFileReference; lastKnownFileType = sourcecode.swift; path = DetailViewController.swift; sourceTree = "<group>"; };
		51F785E31C07E30D003E37A2 /* Base */ = {isa = PBXFileReference; lastKnownFileType = file.storyboard; name = Base; path = Base.lproj/Main.storyboard; sourceTree = "<group>"; };
		51F785E51C07E30D003E37A2 /* Assets.xcassets */ = {isa = PBXFileReference; lastKnownFileType = folder.assetcatalog; path = Assets.xcassets; sourceTree = "<group>"; };
		51F785E81C07E30D003E37A2 /* Base */ = {isa = PBXFileReference; lastKnownFileType = file.storyboard; name = Base; path = Base.lproj/LaunchScreen.storyboard; sourceTree = "<group>"; };
		51F785EA1C07E30D003E37A2 /* Info.plist */ = {isa = PBXFileReference; lastKnownFileType = text.plist.xml; path = Info.plist; sourceTree = "<group>"; };
		51F785EF1C07E30D003E37A2 /* iOSExperimentsTests.xctest */ = {isa = PBXFileReference; explicitFileType = wrapper.cfbundle; includeInIndex = 0; path = iOSExperimentsTests.xctest; sourceTree = BUILT_PRODUCTS_DIR; };
		51F785F31C07E30D003E37A2 /* experimentsTests.swift */ = {isa = PBXFileReference; lastKnownFileType = sourcecode.swift; path = experimentsTests.swift; sourceTree = "<group>"; };
		51F785F51C07E30D003E37A2 /* Info.plist */ = {isa = PBXFileReference; lastKnownFileType = text.plist.xml; path = Info.plist; sourceTree = "<group>"; };
		51F785FA1C07E30D003E37A2 /* iOSExperimentsUITests.xctest */ = {isa = PBXFileReference; explicitFileType = wrapper.cfbundle; includeInIndex = 0; path = iOSExperimentsUITests.xctest; sourceTree = BUILT_PRODUCTS_DIR; };
		51F785FE1C07E30D003E37A2 /* experimentsUITests.swift */ = {isa = PBXFileReference; lastKnownFileType = sourcecode.swift; path = experimentsUITests.swift; sourceTree = "<group>"; };
		51F786001C07E30D003E37A2 /* Info.plist */ = {isa = PBXFileReference; lastKnownFileType = text.plist.xml; path = Info.plist; sourceTree = "<group>"; };
/* End PBXFileReference section */

/* Begin PBXFrameworksBuildPhase section */
		51ADC7E31C07F770002B3A1D /* Frameworks */ = {
			isa = PBXFrameworksBuildPhase;
			buildActionMask = 2147483647;
			files = (
			);
			runOnlyForDeploymentPostprocessing = 0;
		};
		51ADC7EE1C07F770002B3A1D /* Frameworks */ = {
			isa = PBXFrameworksBuildPhase;
			buildActionMask = 2147483647;
			files = (
			);
			runOnlyForDeploymentPostprocessing = 0;
		};
		51D799471D8438EF00E1E872 /* Frameworks */ = {
			isa = PBXFrameworksBuildPhase;
			buildActionMask = 2147483647;
			files = (
			);
			runOnlyForDeploymentPostprocessing = 0;
		};
		51D799611D84479C00E1E872 /* Frameworks */ = {
			isa = PBXFrameworksBuildPhase;
			buildActionMask = 2147483647;
			files = (
				510EC0B11D8832D000B6B64D /* ExperimentsFramework.framework in Frameworks */,
			);
			runOnlyForDeploymentPostprocessing = 0;
		};
		51F785D61C07E30D003E37A2 /* Frameworks */ = {
			isa = PBXFrameworksBuildPhase;
			buildActionMask = 2147483647;
			files = (
				51D799581D84397800E1E872 /* ExperimentsFramework.framework in Frameworks */,
			);
			runOnlyForDeploymentPostprocessing = 0;
		};
		51F785EC1C07E30D003E37A2 /* Frameworks */ = {
			isa = PBXFrameworksBuildPhase;
			buildActionMask = 2147483647;
			files = (
			);
			runOnlyForDeploymentPostprocessing = 0;
		};
		51F785F71C07E30D003E37A2 /* Frameworks */ = {
			isa = PBXFrameworksBuildPhase;
			buildActionMask = 2147483647;
			files = (
			);
			runOnlyForDeploymentPostprocessing = 0;
		};
/* End PBXFrameworksBuildPhase section */

/* Begin PBXGroup section */
		51ADC7D91C07F770002B3A1D /* OSXExperiments */ = {
			isa = PBXGroup;
			children = (
				51ADC7DA1C07F770002B3A1D /* AppDelegate.swift */,
				51ADC7DC1C07F770002B3A1D /* Assets.xcassets */,
				51ADC7DE1C07F770002B3A1D /* MainMenu.xib */,
				51ADC7E11C07F770002B3A1D /* Info.plist */,
			);
			path = OSXExperiments;
			sourceTree = "<group>";
		};
		51ADC7E91C07F770002B3A1D /* OSXExperimentsTests */ = {
			isa = PBXGroup;
			children = (
				51ADC7EA1C07F770002B3A1D /* OSXExperimentsTests.swift */,
				51ADC7EC1C07F770002B3A1D /* Info.plist */,
			);
			path = OSXExperimentsTests;
			sourceTree = "<group>";
		};
		51ADC7F41C07F770002B3A1D /* OSXExperimentsUITests */ = {
			isa = PBXGroup;
			children = (
				51ADC7F51C07F770002B3A1D /* OSXExperimentsUITests.swift */,
				51ADC7F71C07F770002B3A1D /* Info.plist */,
			);
			path = OSXExperimentsUITests;
			sourceTree = "<group>";
		};
		51D799421D84376800E1E872 /* Playgrounds */ = {
			isa = PBXGroup;
			children = (
				51D7995F1D843B5B00E1E872 /* WKWebView.playground */,
				51D799441D84376800E1E872 /* Scrolling.playground */,
				51D799431D84376800E1E872 /* WKWebView+NSScrollView.playground */,
				51D799451D84376800E1E872 /* WKWebView-old.playground */,
			);
			path = Playgrounds;
			sourceTree = "<group>";
		};
		51D7994C1D8438EF00E1E872 /* ExperimentsFramework */ = {
			isa = PBXGroup;
			children = (
				51D7995D1D843B0900E1E872 /* WKWebView-ext.swift */,
				51D7994D1D8438EF00E1E872 /* ExperimentsFramework.h */,
				51D7994F1D8438EF00E1E872 /* Info.plist */,
			);
			path = ExperimentsFramework;
			sourceTree = "<group>";
		};
		51D799651D84479C00E1E872 /* OSXExperiments */ = {
			isa = PBXGroup;
			children = (
				51D799661D84479C00E1E872 /* AppDelegate.swift */,
				51D799681D84479C00E1E872 /* ViewController.swift */,
				51D7996D1D84479C00E1E872 /* Assets.xcassets */,
				51D7996F1D84479C00E1E872 /* Main.storyboard */,
				51D799721D84479C00E1E872 /* Info.plist */,
				51D7996A1D84479C00E1E872 /* OSXExperiments.xcdatamodeld */,
			);
			path = OSXExperiments;
			sourceTree = "<group>";
		};
		51F785D01C07E30C003E37A2 = {
			isa = PBXGroup;
			children = (
				51D799421D84376800E1E872 /* Playgrounds */,
				51ADC7D91C07F770002B3A1D /* OSXExperiments */,
				51F785DB1C07E30D003E37A2 /* iOSExperiments */,
				51D7994C1D8438EF00E1E872 /* ExperimentsFramework */,
				51F785F21C07E30D003E37A2 /* iOSExperimentsTests */,
				51F785FD1C07E30D003E37A2 /* iOSExperimentsUITests */,
				51ADC7E91C07F770002B3A1D /* OSXExperimentsTests */,
				51ADC7F41C07F770002B3A1D /* OSXExperimentsUITests */,
				51D799651D84479C00E1E872 /* OSXExperiments */,
				51F785DA1C07E30D003E37A2 /* Products */,
			);
			sourceTree = "<group>";
		};
		51F785DA1C07E30D003E37A2 /* Products */ = {
			isa = PBXGroup;
			children = (
				51F785D91C07E30D003E37A2 /* iOSExperiments.app */,
				51F785EF1C07E30D003E37A2 /* iOSExperimentsTests.xctest */,
				51F785FA1C07E30D003E37A2 /* iOSExperimentsUITests.xctest */,
				51ADC7E61C07F770002B3A1D /* OSXExperimentsTests.xctest */,
				51ADC7F11C07F770002B3A1D /* OSXExperimentsUITests.xctest */,
				51D7994B1D8438EF00E1E872 /* ExperimentsFramework.framework */,
				51D799641D84479C00E1E872 /* OSXExperiments.app */,
			);
			name = Products;
			sourceTree = "<group>";
		};
		51F785DB1C07E30D003E37A2 /* iOSExperiments */ = {
			isa = PBXGroup;
			children = (
				51F785DC1C07E30D003E37A2 /* AppDelegate.swift */,
				51F785DE1C07E30D003E37A2 /* MasterViewController.swift */,
				51F785E01C07E30D003E37A2 /* DetailViewController.swift */,
				51F785E21C07E30D003E37A2 /* Main.storyboard */,
				51F785E51C07E30D003E37A2 /* Assets.xcassets */,
				51F785E71C07E30D003E37A2 /* LaunchScreen.storyboard */,
				51F785EA1C07E30D003E37A2 /* Info.plist */,
			);
			path = iOSExperiments;
			sourceTree = "<group>";
		};
		51F785F21C07E30D003E37A2 /* iOSExperimentsTests */ = {
			isa = PBXGroup;
			children = (
				51F785F31C07E30D003E37A2 /* experimentsTests.swift */,
				51F785F51C07E30D003E37A2 /* Info.plist */,
			);
			name = iOSExperimentsTests;
			path = experimentsTests;
			sourceTree = "<group>";
		};
		51F785FD1C07E30D003E37A2 /* iOSExperimentsUITests */ = {
			isa = PBXGroup;
			children = (
				51F785FE1C07E30D003E37A2 /* experimentsUITests.swift */,
				51F786001C07E30D003E37A2 /* Info.plist */,
			);
			name = iOSExperimentsUITests;
			path = experimentsUITests;
			sourceTree = "<group>";
		};
/* End PBXGroup section */

/* Begin PBXHeadersBuildPhase section */
		51D799481D8438EF00E1E872 /* Headers */ = {
			isa = PBXHeadersBuildPhase;
			buildActionMask = 2147483647;
			files = (
				51D7994E1D8438EF00E1E872 /* ExperimentsFramework.h in Headers */,
			);
			runOnlyForDeploymentPostprocessing = 0;
		};
/* End PBXHeadersBuildPhase section */

/* Begin PBXNativeTarget section */
		51ADC7E51C07F770002B3A1D /* OSXExperimentsTests */ = {
			isa = PBXNativeTarget;
			buildConfigurationList = 51ADC7FF1C07F770002B3A1D /* Build configuration list for PBXNativeTarget "OSXExperimentsTests" */;
			buildPhases = (
				51ADC7E21C07F770002B3A1D /* Sources */,
				51ADC7E31C07F770002B3A1D /* Frameworks */,
				51ADC7E41C07F770002B3A1D /* Resources */,
			);
			buildRules = (
			);
			dependencies = (
			);
			name = OSXExperimentsTests;
			productName = OSXExperimentsTests;
			productReference = 51ADC7E61C07F770002B3A1D /* OSXExperimentsTests.xctest */;
			productType = "com.apple.product-type.bundle.unit-test";
		};
		51ADC7F01C07F770002B3A1D /* OSXExperimentsUITests */ = {
			isa = PBXNativeTarget;
			buildConfigurationList = 51ADC8001C07F770002B3A1D /* Build configuration list for PBXNativeTarget "OSXExperimentsUITests" */;
			buildPhases = (
				51ADC7ED1C07F770002B3A1D /* Sources */,
				51ADC7EE1C07F770002B3A1D /* Frameworks */,
				51ADC7EF1C07F770002B3A1D /* Resources */,
			);
			buildRules = (
			);
			dependencies = (
			);
			name = OSXExperimentsUITests;
			productName = OSXExperimentsUITests;
			productReference = 51ADC7F11C07F770002B3A1D /* OSXExperimentsUITests.xctest */;
			productType = "com.apple.product-type.bundle.ui-testing";
		};
		51D7994A1D8438EF00E1E872 /* ExperimentsFramework */ = {
			isa = PBXNativeTarget;
			buildConfigurationList = 51D799561D8438EF00E1E872 /* Build configuration list for PBXNativeTarget "ExperimentsFramework" */;
			buildPhases = (
				51D799461D8438EF00E1E872 /* Sources */,
				51D799471D8438EF00E1E872 /* Frameworks */,
				51D799481D8438EF00E1E872 /* Headers */,
				51D799491D8438EF00E1E872 /* Resources */,
			);
			buildRules = (
			);
			dependencies = (
			);
			name = ExperimentsFramework;
			productName = ExperimentsFramework;
			productReference = 51D7994B1D8438EF00E1E872 /* ExperimentsFramework.framework */;
			productType = "com.apple.product-type.framework";
		};
		51D799631D84479C00E1E872 /* OSXExperiments */ = {
			isa = PBXNativeTarget;
			buildConfigurationList = 51D799731D84479C00E1E872 /* Build configuration list for PBXNativeTarget "OSXExperiments" */;
			buildPhases = (
				51D799601D84479C00E1E872 /* Sources */,
				51D799611D84479C00E1E872 /* Frameworks */,
				51D799621D84479C00E1E872 /* Resources */,
			);
			buildRules = (
			);
			dependencies = (
			);
			name = OSXExperiments;
			productName = OSXExperiments;
			productReference = 51D799641D84479C00E1E872 /* OSXExperiments.app */;
			productType = "com.apple.product-type.application";
		};
		51F785D81C07E30D003E37A2 /* iOSExperiments */ = {
			isa = PBXNativeTarget;
			buildConfigurationList = 51F786031C07E30D003E37A2 /* Build configuration list for PBXNativeTarget "iOSExperiments" */;
			buildPhases = (
				51F785D51C07E30D003E37A2 /* Sources */,
				51F785D61C07E30D003E37A2 /* Frameworks */,
				51F785D71C07E30D003E37A2 /* Resources */,
				51D7995C1D84397800E1E872 /* Embed Frameworks */,
			);
			buildRules = (
			);
			dependencies = (
				51D7995B1D84397800E1E872 /* PBXTargetDependency */,
			);
			name = iOSExperiments;
			productName = experiments;
			productReference = 51F785D91C07E30D003E37A2 /* iOSExperiments.app */;
			productType = "com.apple.product-type.application";
		};
		51F785EE1C07E30D003E37A2 /* iOSExperimentsTests */ = {
			isa = PBXNativeTarget;
			buildConfigurationList = 51F786061C07E30D003E37A2 /* Build configuration list for PBXNativeTarget "iOSExperimentsTests" */;
			buildPhases = (
				51F785EB1C07E30D003E37A2 /* Sources */,
				51F785EC1C07E30D003E37A2 /* Frameworks */,
				51F785ED1C07E30D003E37A2 /* Resources */,
			);
			buildRules = (
			);
			dependencies = (
				51F785F11C07E30D003E37A2 /* PBXTargetDependency */,
			);
			name = iOSExperimentsTests;
			productName = experimentsTests;
			productReference = 51F785EF1C07E30D003E37A2 /* iOSExperimentsTests.xctest */;
			productType = "com.apple.product-type.bundle.unit-test";
		};
		51F785F91C07E30D003E37A2 /* iOSExperimentsUITests */ = {
			isa = PBXNativeTarget;
			buildConfigurationList = 51F786091C07E30D003E37A2 /* Build configuration list for PBXNativeTarget "iOSExperimentsUITests" */;
			buildPhases = (
				51F785F61C07E30D003E37A2 /* Sources */,
				51F785F71C07E30D003E37A2 /* Frameworks */,
				51F785F81C07E30D003E37A2 /* Resources */,
			);
			buildRules = (
			);
			dependencies = (
				51F785FC1C07E30D003E37A2 /* PBXTargetDependency */,
			);
			name = iOSExperimentsUITests;
			productName = experimentsUITests;
			productReference = 51F785FA1C07E30D003E37A2 /* iOSExperimentsUITests.xctest */;
			productType = "com.apple.product-type.bundle.ui-testing";
		};
/* End PBXNativeTarget section */

/* Begin PBXProject section */
		51F785D11C07E30C003E37A2 /* Project object */ = {
			isa = PBXProject;
			attributes = {
				LastSwiftMigration = 0730;
				LastSwiftUpdateCheck = 0730;
				LastUpgradeCheck = 0710;
				ORGANIZATIONNAME = "Big Bear Labs";
				TargetAttributes = {
					51ADC7E51C07F770002B3A1D = {
						CreatedOnToolsVersion = 7.1.1;
						TestTargetID = 51ADC7D71C07F770002B3A1D;
					};
					51ADC7F01C07F770002B3A1D = {
						CreatedOnToolsVersion = 7.1.1;
						TestTargetID = 51ADC7D71C07F770002B3A1D;
					};
					51D7994A1D8438EF00E1E872 = {
						CreatedOnToolsVersion = 7.3.1;
					};
					51D799631D84479C00E1E872 = {
						CreatedOnToolsVersion = 7.3.1;
					};
					51F785D81C07E30D003E37A2 = {
						CreatedOnToolsVersion = 7.1.1;
					};
					51F785EE1C07E30D003E37A2 = {
						CreatedOnToolsVersion = 7.1.1;
						TestTargetID = 51F785D81C07E30D003E37A2;
					};
					51F785F91C07E30D003E37A2 = {
						CreatedOnToolsVersion = 7.1.1;
						TestTargetID = 51F785D81C07E30D003E37A2;
					};
				};
			};
			buildConfigurationList = 51F785D41C07E30C003E37A2 /* Build configuration list for PBXProject "experiments" */;
			compatibilityVersion = "Xcode 3.2";
			developmentRegion = English;
			hasScannedForEncodings = 0;
			knownRegions = (
				en,
				Base,
			);
			mainGroup = 51F785D01C07E30C003E37A2;
			productRefGroup = 51F785DA1C07E30D003E37A2 /* Products */;
			projectDirPath = "";
			projectRoot = "";
			targets = (
				51D799631D84479C00E1E872 /* OSXExperiments */,
				51ADC7E51C07F770002B3A1D /* OSXExperimentsTests */,
				51ADC7F01C07F770002B3A1D /* OSXExperimentsUITests */,
				51F785D81C07E30D003E37A2 /* iOSExperiments */,
				51F785EE1C07E30D003E37A2 /* iOSExperimentsTests */,
				51F785F91C07E30D003E37A2 /* iOSExperimentsUITests */,
				51D7994A1D8438EF00E1E872 /* ExperimentsFramework */,
			);
		};
/* End PBXProject section */

/* Begin PBXResourcesBuildPhase section */
		51ADC7E41C07F770002B3A1D /* Resources */ = {
			isa = PBXResourcesBuildPhase;
			buildActionMask = 2147483647;
			files = (
			);
			runOnlyForDeploymentPostprocessing = 0;
		};
		51ADC7EF1C07F770002B3A1D /* Resources */ = {
			isa = PBXResourcesBuildPhase;
			buildActionMask = 2147483647;
			files = (
			);
			runOnlyForDeploymentPostprocessing = 0;
		};
		51D799491D8438EF00E1E872 /* Resources */ = {
			isa = PBXResourcesBuildPhase;
			buildActionMask = 2147483647;
			files = (
			);
			runOnlyForDeploymentPostprocessing = 0;
		};
		51D799621D84479C00E1E872 /* Resources */ = {
			isa = PBXResourcesBuildPhase;
			buildActionMask = 2147483647;
			files = (
				51D7996E1D84479C00E1E872 /* Assets.xcassets in Resources */,
				51D799711D84479C00E1E872 /* Main.storyboard in Resources */,
			);
			runOnlyForDeploymentPostprocessing = 0;
		};
		51F785D71C07E30D003E37A2 /* Resources */ = {
			isa = PBXResourcesBuildPhase;
			buildActionMask = 2147483647;
			files = (
				51F785E91C07E30D003E37A2 /* LaunchScreen.storyboard in Resources */,
				51F785E61C07E30D003E37A2 /* Assets.xcassets in Resources */,
				51F785E41C07E30D003E37A2 /* Main.storyboard in Resources */,
			);
			runOnlyForDeploymentPostprocessing = 0;
		};
		51F785ED1C07E30D003E37A2 /* Resources */ = {
			isa = PBXResourcesBuildPhase;
			buildActionMask = 2147483647;
			files = (
			);
			runOnlyForDeploymentPostprocessing = 0;
		};
		51F785F81C07E30D003E37A2 /* Resources */ = {
			isa = PBXResourcesBuildPhase;
			buildActionMask = 2147483647;
			files = (
			);
			runOnlyForDeploymentPostprocessing = 0;
		};
/* End PBXResourcesBuildPhase section */

/* Begin PBXSourcesBuildPhase section */
		51ADC7E21C07F770002B3A1D /* Sources */ = {
			isa = PBXSourcesBuildPhase;
			buildActionMask = 2147483647;
			files = (
				51ADC7EB1C07F770002B3A1D /* OSXExperimentsTests.swift in Sources */,
			);
			runOnlyForDeploymentPostprocessing = 0;
		};
		51ADC7ED1C07F770002B3A1D /* Sources */ = {
			isa = PBXSourcesBuildPhase;
			buildActionMask = 2147483647;
			files = (
				51ADC7F61C07F770002B3A1D /* OSXExperimentsUITests.swift in Sources */,
			);
			runOnlyForDeploymentPostprocessing = 0;
		};
		51D799461D8438EF00E1E872 /* Sources */ = {
			isa = PBXSourcesBuildPhase;
			buildActionMask = 2147483647;
			files = (
				51D7995E1D843B0900E1E872 /* WKWebView-ext.swift in Sources */,
			);
			runOnlyForDeploymentPostprocessing = 0;
		};
		51D799601D84479C00E1E872 /* Sources */ = {
			isa = PBXSourcesBuildPhase;
			buildActionMask = 2147483647;
			files = (
				51D799691D84479C00E1E872 /* ViewController.swift in Sources */,
				51D799671D84479C00E1E872 /* AppDelegate.swift in Sources */,
				51D7996C1D84479C00E1E872 /* OSXExperiments.xcdatamodeld in Sources */,
			);
			runOnlyForDeploymentPostprocessing = 0;
		};
		51F785D51C07E30D003E37A2 /* Sources */ = {
			isa = PBXSourcesBuildPhase;
			buildActionMask = 2147483647;
			files = (
				51F785E11C07E30D003E37A2 /* DetailViewController.swift in Sources */,
				51F785DF1C07E30D003E37A2 /* MasterViewController.swift in Sources */,
				51F785DD1C07E30D003E37A2 /* AppDelegate.swift in Sources */,
			);
			runOnlyForDeploymentPostprocessing = 0;
		};
		51F785EB1C07E30D003E37A2 /* Sources */ = {
			isa = PBXSourcesBuildPhase;
			buildActionMask = 2147483647;
			files = (
				51F785F41C07E30D003E37A2 /* experimentsTests.swift in Sources */,
			);
			runOnlyForDeploymentPostprocessing = 0;
		};
		51F785F61C07E30D003E37A2 /* Sources */ = {
			isa = PBXSourcesBuildPhase;
			buildActionMask = 2147483647;
			files = (
				51F785FF1C07E30D003E37A2 /* experimentsUITests.swift in Sources */,
			);
			runOnlyForDeploymentPostprocessing = 0;
		};
/* End PBXSourcesBuildPhase section */

/* Begin PBXTargetDependency section */
		51D7995B1D84397800E1E872 /* PBXTargetDependency */ = {
			isa = PBXTargetDependency;
			target = 51D7994A1D8438EF00E1E872 /* ExperimentsFramework */;
			targetProxy = 51D7995A1D84397800E1E872 /* PBXContainerItemProxy */;
		};
		51F785F11C07E30D003E37A2 /* PBXTargetDependency */ = {
			isa = PBXTargetDependency;
			target = 51F785D81C07E30D003E37A2 /* iOSExperiments */;
			targetProxy = 51F785F01C07E30D003E37A2 /* PBXContainerItemProxy */;
		};
		51F785FC1C07E30D003E37A2 /* PBXTargetDependency */ = {
			isa = PBXTargetDependency;
			target = 51F785D81C07E30D003E37A2 /* iOSExperiments */;
			targetProxy = 51F785FB1C07E30D003E37A2 /* PBXContainerItemProxy */;
		};
/* End PBXTargetDependency section */

/* Begin PBXVariantGroup section */
		51ADC7DE1C07F770002B3A1D /* MainMenu.xib */ = {
			isa = PBXVariantGroup;
			children = (
				51ADC7DF1C07F770002B3A1D /* Base */,
			);
			name = MainMenu.xib;
			sourceTree = "<group>";
		};
		51D7996F1D84479C00E1E872 /* Main.storyboard */ = {
			isa = PBXVariantGroup;
			children = (
				51D799701D84479C00E1E872 /* Base */,
			);
			name = Main.storyboard;
			sourceTree = "<group>";
		};
		51F785E21C07E30D003E37A2 /* Main.storyboard */ = {
			isa = PBXVariantGroup;
			children = (
				51F785E31C07E30D003E37A2 /* Base */,
			);
			name = Main.storyboard;
			sourceTree = "<group>";
		};
		51F785E71C07E30D003E37A2 /* LaunchScreen.storyboard */ = {
			isa = PBXVariantGroup;
			children = (
				51F785E81C07E30D003E37A2 /* Base */,
			);
			name = LaunchScreen.storyboard;
			sourceTree = "<group>";
		};
/* End PBXVariantGroup section */

/* Begin XCBuildConfiguration section */
		51ADC7FA1C07F770002B3A1D /* Debug */ = {
			isa = XCBuildConfiguration;
			buildSettings = {
				BUNDLE_LOADER = "$(TEST_HOST)";
				CODE_SIGN_IDENTITY = "-";
				COMBINE_HIDPI_IMAGES = YES;
				INFOPLIST_FILE = OSXExperimentsTests/Info.plist;
				LD_RUNPATH_SEARCH_PATHS = "$(inherited) @executable_path/../Frameworks @loader_path/../Frameworks";
				MACOSX_DEPLOYMENT_TARGET = 10.11;
				PRODUCT_BUNDLE_IDENTIFIER = com.bigbearlabs.OSXExperimentsTests;
				PRODUCT_NAME = "$(TARGET_NAME)";
				SDKROOT = macosx;
				TEST_HOST = "$(BUILT_PRODUCTS_DIR)/OSXExperiments.app/Contents/MacOS/OSXExperiments";
			};
			name = Debug;
		};
		51ADC7FB1C07F770002B3A1D /* Release */ = {
			isa = XCBuildConfiguration;
			buildSettings = {
				BUNDLE_LOADER = "$(TEST_HOST)";
				CODE_SIGN_IDENTITY = "-";
				COMBINE_HIDPI_IMAGES = YES;
				INFOPLIST_FILE = OSXExperimentsTests/Info.plist;
				LD_RUNPATH_SEARCH_PATHS = "$(inherited) @executable_path/../Frameworks @loader_path/../Frameworks";
				MACOSX_DEPLOYMENT_TARGET = 10.11;
				PRODUCT_BUNDLE_IDENTIFIER = com.bigbearlabs.OSXExperimentsTests;
				PRODUCT_NAME = "$(TARGET_NAME)";
				SDKROOT = macosx;
				TEST_HOST = "$(BUILT_PRODUCTS_DIR)/OSXExperiments.app/Contents/MacOS/OSXExperiments";
			};
			name = Release;
		};
		51ADC7FC1C07F770002B3A1D /* Debug */ = {
			isa = XCBuildConfiguration;
			buildSettings = {
				CODE_SIGN_IDENTITY = "-";
				COMBINE_HIDPI_IMAGES = YES;
				INFOPLIST_FILE = OSXExperimentsUITests/Info.plist;
				LD_RUNPATH_SEARCH_PATHS = "$(inherited) @executable_path/../Frameworks @loader_path/../Frameworks";
				MACOSX_DEPLOYMENT_TARGET = 10.11;
				PRODUCT_BUNDLE_IDENTIFIER = com.bigbearlabs.OSXExperimentsUITests;
				PRODUCT_NAME = "$(TARGET_NAME)";
				SDKROOT = macosx;
				TEST_TARGET_NAME = OSXExperiments;
				USES_XCTRUNNER = YES;
			};
			name = Debug;
		};
		51ADC7FD1C07F770002B3A1D /* Release */ = {
			isa = XCBuildConfiguration;
			buildSettings = {
				CODE_SIGN_IDENTITY = "-";
				COMBINE_HIDPI_IMAGES = YES;
				INFOPLIST_FILE = OSXExperimentsUITests/Info.plist;
				LD_RUNPATH_SEARCH_PATHS = "$(inherited) @executable_path/../Frameworks @loader_path/../Frameworks";
				MACOSX_DEPLOYMENT_TARGET = 10.11;
				PRODUCT_BUNDLE_IDENTIFIER = com.bigbearlabs.OSXExperimentsUITests;
				PRODUCT_NAME = "$(TARGET_NAME)";
				SDKROOT = macosx;
				TEST_TARGET_NAME = OSXExperiments;
				USES_XCTRUNNER = YES;
			};
			name = Release;
		};
		51D799541D8438EF00E1E872 /* Debug */ = {
			isa = XCBuildConfiguration;
			buildSettings = {
				ARCHS = "$(ARCHS_STANDARD)";
				CLANG_ANALYZER_NONNULL = YES;
				CODE_SIGN_IDENTITY = "-";
				COMBINE_HIDPI_IMAGES = YES;
				CURRENT_PROJECT_VERSION = 1;
				DEFINES_MODULE = YES;
				DYLIB_COMPATIBILITY_VERSION = 1;
				DYLIB_CURRENT_VERSION = 1;
				DYLIB_INSTALL_NAME_BASE = "@rpath";
				FRAMEWORK_VERSION = A;
				INFOPLIST_FILE = ExperimentsFramework/Info.plist;
				INSTALL_PATH = "$(LOCAL_LIBRARY_DIR)/Frameworks";
				LD_RUNPATH_SEARCH_PATHS = "$(inherited) @executable_path/../Frameworks @loader_path/Frameworks";
				MACOSX_DEPLOYMENT_TARGET = 10.11;
				PRODUCT_BUNDLE_IDENTIFIER = com.bigbearlabs.lab.ExperimentsFramework;
				PRODUCT_NAME = "$(TARGET_NAME)";
				SDKROOT = macosx;
				SKIP_INSTALL = YES;
				SUPPORTED_PLATFORMS = "iphonesimulator iphoneos macosx";
				VALID_ARCHS = "i386 x86_64 armv7 armv7s arm64";
				VERSIONING_SYSTEM = "apple-generic";
				VERSION_INFO_PREFIX = "";
			};
			name = Debug;
		};
		51D799551D8438EF00E1E872 /* Release */ = {
			isa = XCBuildConfiguration;
			buildSettings = {
				ARCHS = "$(ARCHS_STANDARD)";
				CLANG_ANALYZER_NONNULL = YES;
				CODE_SIGN_IDENTITY = "-";
				COMBINE_HIDPI_IMAGES = YES;
				CURRENT_PROJECT_VERSION = 1;
				DEFINES_MODULE = YES;
				DYLIB_COMPATIBILITY_VERSION = 1;
				DYLIB_CURRENT_VERSION = 1;
				DYLIB_INSTALL_NAME_BASE = "@rpath";
				FRAMEWORK_VERSION = A;
				INFOPLIST_FILE = ExperimentsFramework/Info.plist;
				INSTALL_PATH = "$(LOCAL_LIBRARY_DIR)/Frameworks";
				LD_RUNPATH_SEARCH_PATHS = "$(inherited) @executable_path/../Frameworks @loader_path/Frameworks";
				MACOSX_DEPLOYMENT_TARGET = 10.11;
				PRODUCT_BUNDLE_IDENTIFIER = com.bigbearlabs.lab.ExperimentsFramework;
				PRODUCT_NAME = "$(TARGET_NAME)";
				SDKROOT = macosx;
				SKIP_INSTALL = YES;
				SUPPORTED_PLATFORMS = "iphonesimulator iphoneos macosx";
				VALID_ARCHS = "i386 x86_64 armv7 armv7s arm64";
				VERSIONING_SYSTEM = "apple-generic";
				VERSION_INFO_PREFIX = "";
			};
			name = Release;
		};
		51D799741D84479C00E1E872 /* Debug */ = {
			isa = XCBuildConfiguration;
			buildSettings = {
				ASSETCATALOG_COMPILER_APPICON_NAME = AppIcon;
				CLANG_ANALYZER_NONNULL = YES;
				CODE_SIGN_IDENTITY = "-";
				COMBINE_HIDPI_IMAGES = YES;
				INFOPLIST_FILE = OSXExperiments/Info.plist;
				LD_RUNPATH_SEARCH_PATHS = "$(inherited) @executable_path/../Frameworks";
				MACOSX_DEPLOYMENT_TARGET = 10.11;
				PRODUCT_BUNDLE_IDENTIFIER = com.bigbearlabs.lab.OSXExperiments;
				PRODUCT_NAME = "$(TARGET_NAME)";
				SDKROOT = macosx;
			};
			name = Debug;
		};
		51D799751D84479C00E1E872 /* Release */ = {
			isa = XCBuildConfiguration;
			buildSettings = {
				ASSETCATALOG_COMPILER_APPICON_NAME = AppIcon;
				CLANG_ANALYZER_NONNULL = YES;
				CODE_SIGN_IDENTITY = "-";
				COMBINE_HIDPI_IMAGES = YES;
				INFOPLIST_FILE = OSXExperiments/Info.plist;
				LD_RUNPATH_SEARCH_PATHS = "$(inherited) @executable_path/../Frameworks";
				MACOSX_DEPLOYMENT_TARGET = 10.11;
				PRODUCT_BUNDLE_IDENTIFIER = com.bigbearlabs.lab.OSXExperiments;
				PRODUCT_NAME = "$(TARGET_NAME)";
				SDKROOT = macosx;
			};
			name = Release;
		};
		51F786011C07E30D003E37A2 /* Debug */ = {
			isa = XCBuildConfiguration;
			buildSettings = {
				ALWAYS_SEARCH_USER_PATHS = NO;
				CLANG_CXX_LANGUAGE_STANDARD = "gnu++0x";
				CLANG_CXX_LIBRARY = "libc++";
				CLANG_ENABLE_MODULES = YES;
				CLANG_ENABLE_OBJC_ARC = YES;
				CLANG_WARN_BOOL_CONVERSION = YES;
				CLANG_WARN_CONSTANT_CONVERSION = YES;
				CLANG_WARN_DIRECT_OBJC_ISA_USAGE = YES_ERROR;
				CLANG_WARN_EMPTY_BODY = YES;
				CLANG_WARN_ENUM_CONVERSION = YES;
				CLANG_WARN_INT_CONVERSION = YES;
				CLANG_WARN_OBJC_ROOT_CLASS = YES_ERROR;
				CLANG_WARN_UNREACHABLE_CODE = YES;
				CLANG_WARN__DUPLICATE_METHOD_MATCH = YES;
				"CODE_SIGN_IDENTITY[sdk=iphoneos*]" = "iPhone Developer";
				COPY_PHASE_STRIP = NO;
				DEBUG_INFORMATION_FORMAT = dwarf;
				ENABLE_STRICT_OBJC_MSGSEND = YES;
				ENABLE_TESTABILITY = YES;
				GCC_C_LANGUAGE_STANDARD = gnu99;
				GCC_DYNAMIC_NO_PIC = NO;
				GCC_NO_COMMON_BLOCKS = YES;
				GCC_OPTIMIZATION_LEVEL = 0;
				GCC_PREPROCESSOR_DEFINITIONS = (
					"DEBUG=1",
					"$(inherited)",
				);
				GCC_WARN_64_TO_32_BIT_CONVERSION = YES;
				GCC_WARN_ABOUT_RETURN_TYPE = YES_ERROR;
				GCC_WARN_UNDECLARED_SELECTOR = YES;
				GCC_WARN_UNINITIALIZED_AUTOS = YES_AGGRESSIVE;
				GCC_WARN_UNUSED_FUNCTION = YES;
				GCC_WARN_UNUSED_VARIABLE = YES;
				IPHONEOS_DEPLOYMENT_TARGET = 9.1;
				MTL_ENABLE_DEBUG_INFO = YES;
				ONLY_ACTIVE_ARCH = YES;
				SDKROOT = iphoneos;
				SWIFT_OPTIMIZATION_LEVEL = "-Onone";
				TARGETED_DEVICE_FAMILY = "1,2";
			};
			name = Debug;
		};
		51F786021C07E30D003E37A2 /* Release */ = {
			isa = XCBuildConfiguration;
			buildSettings = {
				ALWAYS_SEARCH_USER_PATHS = NO;
				CLANG_CXX_LANGUAGE_STANDARD = "gnu++0x";
				CLANG_CXX_LIBRARY = "libc++";
				CLANG_ENABLE_MODULES = YES;
				CLANG_ENABLE_OBJC_ARC = YES;
				CLANG_WARN_BOOL_CONVERSION = YES;
				CLANG_WARN_CONSTANT_CONVERSION = YES;
				CLANG_WARN_DIRECT_OBJC_ISA_USAGE = YES_ERROR;
				CLANG_WARN_EMPTY_BODY = YES;
				CLANG_WARN_ENUM_CONVERSION = YES;
				CLANG_WARN_INT_CONVERSION = YES;
				CLANG_WARN_OBJC_ROOT_CLASS = YES_ERROR;
				CLANG_WARN_UNREACHABLE_CODE = YES;
				CLANG_WARN__DUPLICATE_METHOD_MATCH = YES;
				"CODE_SIGN_IDENTITY[sdk=iphoneos*]" = "iPhone Developer";
				COPY_PHASE_STRIP = NO;
				DEBUG_INFORMATION_FORMAT = "dwarf-with-dsym";
				ENABLE_NS_ASSERTIONS = NO;
				ENABLE_STRICT_OBJC_MSGSEND = YES;
				GCC_C_LANGUAGE_STANDARD = gnu99;
				GCC_NO_COMMON_BLOCKS = YES;
				GCC_WARN_64_TO_32_BIT_CONVERSION = YES;
				GCC_WARN_ABOUT_RETURN_TYPE = YES_ERROR;
				GCC_WARN_UNDECLARED_SELECTOR = YES;
				GCC_WARN_UNINITIALIZED_AUTOS = YES_AGGRESSIVE;
				GCC_WARN_UNUSED_FUNCTION = YES;
				GCC_WARN_UNUSED_VARIABLE = YES;
				IPHONEOS_DEPLOYMENT_TARGET = 9.1;
				MTL_ENABLE_DEBUG_INFO = NO;
				SDKROOT = iphoneos;
				TARGETED_DEVICE_FAMILY = "1,2";
				VALIDATE_PRODUCT = YES;
			};
			name = Release;
		};
		51F786041C07E30D003E37A2 /* Debug */ = {
			isa = XCBuildConfiguration;
			buildSettings = {
				ASSETCATALOG_COMPILER_APPICON_NAME = AppIcon;
				CODE_SIGN_IDENTITY = "-";
				EMBEDDED_CONTENT_CONTAINS_SWIFT = YES;
				INFOPLIST_FILE = iOSExperiments/Info.plist;
				LD_RUNPATH_SEARCH_PATHS = "$(inherited) @executable_path/Frameworks";
				PRODUCT_BUNDLE_IDENTIFIER = com.bigbearlabs.lab.iOSExperiments;
				PRODUCT_NAME = "$(TARGET_NAME)";
			};
			name = Debug;
		};
		51F786051C07E30D003E37A2 /* Release */ = {
			isa = XCBuildConfiguration;
			buildSettings = {
				ASSETCATALOG_COMPILER_APPICON_NAME = AppIcon;
				CODE_SIGN_IDENTITY = "-";
				EMBEDDED_CONTENT_CONTAINS_SWIFT = YES;
				INFOPLIST_FILE = iOSExperiments/Info.plist;
				LD_RUNPATH_SEARCH_PATHS = "$(inherited) @executable_path/Frameworks";
				PRODUCT_BUNDLE_IDENTIFIER = com.bigbearlabs.lab.iOSExperiments;
				PRODUCT_NAME = "$(TARGET_NAME)";
			};
			name = Release;
		};
		51F786071C07E30D003E37A2 /* Debug */ = {
			isa = XCBuildConfiguration;
			buildSettings = {
				BUNDLE_LOADER = "$(TEST_HOST)";
				INFOPLIST_FILE = experimentsTests/Info.plist;
				LD_RUNPATH_SEARCH_PATHS = "$(inherited) @executable_path/Frameworks @loader_path/Frameworks";
				PRODUCT_BUNDLE_IDENTIFIER = com.bigbearlabs.experimentsTests;
				PRODUCT_NAME = "$(TARGET_NAME)";
				TEST_HOST = "$(BUILT_PRODUCTS_DIR)/experiments.app/experiments";
			};
			name = Debug;
		};
		51F786081C07E30D003E37A2 /* Release */ = {
			isa = XCBuildConfiguration;
			buildSettings = {
				BUNDLE_LOADER = "$(TEST_HOST)";
				INFOPLIST_FILE = experimentsTests/Info.plist;
				LD_RUNPATH_SEARCH_PATHS = "$(inherited) @executable_path/Frameworks @loader_path/Frameworks";
				PRODUCT_BUNDLE_IDENTIFIER = com.bigbearlabs.experimentsTests;
				PRODUCT_NAME = "$(TARGET_NAME)";
				TEST_HOST = "$(BUILT_PRODUCTS_DIR)/experiments.app/experiments";
			};
			name = Release;
		};
		51F7860A1C07E30D003E37A2 /* Debug */ = {
			isa = XCBuildConfiguration;
			buildSettings = {
				INFOPLIST_FILE = experimentsUITests/Info.plist;
				LD_RUNPATH_SEARCH_PATHS = "$(inherited) @executable_path/Frameworks @loader_path/Frameworks";
				PRODUCT_BUNDLE_IDENTIFIER = com.bigbearlabs.experimentsUITests;
				PRODUCT_NAME = "$(TARGET_NAME)";
				TEST_TARGET_NAME = experiments;
				USES_XCTRUNNER = YES;
			};
			name = Debug;
		};
		51F7860B1C07E30D003E37A2 /* Release */ = {
			isa = XCBuildConfiguration;
			buildSettings = {
				INFOPLIST_FILE = experimentsUITests/Info.plist;
				LD_RUNPATH_SEARCH_PATHS = "$(inherited) @executable_path/Frameworks @loader_path/Frameworks";
				PRODUCT_BUNDLE_IDENTIFIER = com.bigbearlabs.experimentsUITests;
				PRODUCT_NAME = "$(TARGET_NAME)";
				TEST_TARGET_NAME = experiments;
				USES_XCTRUNNER = YES;
			};
			name = Release;
		};
/* End XCBuildConfiguration section */

/* Begin XCConfigurationList section */
		51ADC7FF1C07F770002B3A1D /* Build configuration list for PBXNativeTarget "OSXExperimentsTests" */ = {
			isa = XCConfigurationList;
			buildConfigurations = (
				51ADC7FA1C07F770002B3A1D /* Debug */,
				51ADC7FB1C07F770002B3A1D /* Release */,
			);
			defaultConfigurationIsVisible = 0;
			defaultConfigurationName = Release;
		};
		51ADC8001C07F770002B3A1D /* Build configuration list for PBXNativeTarget "OSXExperimentsUITests" */ = {
			isa = XCConfigurationList;
			buildConfigurations = (
				51ADC7FC1C07F770002B3A1D /* Debug */,
				51ADC7FD1C07F770002B3A1D /* Release */,
			);
			defaultConfigurationIsVisible = 0;
			defaultConfigurationName = Release;
		};
		51D799561D8438EF00E1E872 /* Build configuration list for PBXNativeTarget "ExperimentsFramework" */ = {
			isa = XCConfigurationList;
			buildConfigurations = (
				51D799541D8438EF00E1E872 /* Debug */,
				51D799551D8438EF00E1E872 /* Release */,
			);
			defaultConfigurationIsVisible = 0;
			defaultConfigurationName = Release;
		};
		51D799731D84479C00E1E872 /* Build configuration list for PBXNativeTarget "OSXExperiments" */ = {
			isa = XCConfigurationList;
			buildConfigurations = (
				51D799741D84479C00E1E872 /* Debug */,
				51D799751D84479C00E1E872 /* Release */,
			);
			defaultConfigurationIsVisible = 0;
			defaultConfigurationName = Release;
		};
		51F785D41C07E30C003E37A2 /* Build configuration list for PBXProject "experiments" */ = {
			isa = XCConfigurationList;
			buildConfigurations = (
				51F786011C07E30D003E37A2 /* Debug */,
				51F786021C07E30D003E37A2 /* Release */,
			);
			defaultConfigurationIsVisible = 0;
			defaultConfigurationName = Release;
		};
		51F786031C07E30D003E37A2 /* Build configuration list for PBXNativeTarget "iOSExperiments" */ = {
			isa = XCConfigurationList;
			buildConfigurations = (
				51F786041C07E30D003E37A2 /* Debug */,
				51F786051C07E30D003E37A2 /* Release */,
			);
			defaultConfigurationIsVisible = 0;
			defaultConfigurationName = Release;
		};
		51F786061C07E30D003E37A2 /* Build configuration list for PBXNativeTarget "iOSExperimentsTests" */ = {
			isa = XCConfigurationList;
			buildConfigurations = (
				51F786071C07E30D003E37A2 /* Debug */,
				51F786081C07E30D003E37A2 /* Release */,
			);
			defaultConfigurationIsVisible = 0;
			defaultConfigurationName = Release;
		};
		51F786091C07E30D003E37A2 /* Build configuration list for PBXNativeTarget "iOSExperimentsUITests" */ = {
			isa = XCConfigurationList;
			buildConfigurations = (
				51F7860A1C07E30D003E37A2 /* Debug */,
				51F7860B1C07E30D003E37A2 /* Release */,
			);
			defaultConfigurationIsVisible = 0;
			defaultConfigurationName = Release;
		};
/* End XCConfigurationList section */

/* Begin XCVersionGroup section */
		51D7996A1D84479C00E1E872 /* OSXExperiments.xcdatamodeld */ = {
			isa = XCVersionGroup;
			children = (
				51D7996B1D84479C00E1E872 /* OSXExperiments.xcdatamodel */,
			);
			currentVersion = 51D7996B1D84479C00E1E872 /* OSXExperiments.xcdatamodel */;
			path = OSXExperiments.xcdatamodeld;
			sourceTree = "<group>";
			versionGroupType = wrapper.xcdatamodel;
		};
/* End XCVersionGroup section */
	};
	rootObject = 51F785D11C07E30C003E37A2 /* Project object */;
}
